
Microsoft Visual Studio Solution File, Format Version 12.00
# Visual Studio Version 17
VisualStudioVersion = 17.0.32002.185
MinimumVisualStudioVersion = 10.0.40219.1
Project("{FAE04EC0-301F-11D3-BF4B-00C04F79EFBC}") = "SalesWebMvc", "SalesWebMvc\SalesWebMvc.csproj", "{A5E00A21-180B-4A91-8B38-53EC49359B06}"
EndProject
Global
	GlobalSection(SolutionConfigurationPlatforms) = preSolution
		Debug|Any CPU = Debug|Any CPU
		Release|Any CPU = Release|Any CPU
	EndGlobalSection
	GlobalSection(ProjectConfigurationPlatforms) = postSolution
		{A5E00A21-180B-4A91-8B38-53EC49359B06}.Debug|Any CPU.ActiveCfg = Debug|Any CPU
		{A5E00A21-180B-4A91-8B38-53EC49359B06}.Debug|Any CPU.Build.0 = Debug|Any CPU
		{A5E00A21-180B-4A91-8B38-53EC49359B06}.Release|Any CPU.ActiveCfg = Release|Any CPU
		{A5E00A21-180B-4A91-8B38-53EC49359B06}.Release|Any CPU.Build.0 = Release|Any CPU
	EndGlobalSection
	GlobalSection(SolutionProperties) = preSolution
		HideSolutionNode = FALSE
	EndGlobalSection
	GlobalSection(ExtensibilityGlobals) = postSolution
		SolutionGuid = {EB82C4F2-43A1-4CD3-9098-41DA63C85A2E}
	EndGlobalSection
EndGlobal
